
Microsoft Visual Studio Solution File, Format Version 12.00
# Visual Studio Version 16
VisualStudioVersion = 16.0.30907.101
MinimumVisualStudioVersion = 10.0.40219.1
Project("{FAE04EC0-301F-11D3-BF4B-00C04F79EFBC}") = "LINQ", "ConsoleApp1\LINQ.csproj", "{14EB4727-D1EE-48DC-B146-68772F38E004}"
EndProject
Project("{FAE04EC0-301F-11D3-BF4B-00C04F79EFBC}") = "ExtensionMethods", "ConsoleApp2\ExtensionMethods.csproj", "{E2896AC1-E419-4BB4-B524-D0DE62B6A666}"
EndProject
Project("{FAE04EC0-301F-11D3-BF4B-00C04F79EFBC}") = "Delegates", "ConsoleApp3\Delegates.csproj", "{E2A1A44B-4DA5-41D3-9BDC-6D1353CF35E0}"
EndProject
Project("{FAE04EC0-301F-11D3-BF4B-00C04F79EFBC}") = "Events", "ConsoleApp4\Events.csproj", "{0196A4F2-8820-47B7-B47A-7AEF64CD44BC}"
EndProject
Project("{FAE04EC0-301F-11D3-BF4B-00C04F79EFBC}") = "HWDemo", "ConsoleApp5\HWDemo.csproj", "{4FEB05D2-F093-468A-875F-7EEA0097B045}"
EndProject
Global
	GlobalSection(SolutionConfigurationPlatforms) = preSolution
		Debug|Any CPU = Debug|Any CPU
		Release|Any CPU = Release|Any CPU
	EndGlobalSection
	GlobalSection(ProjectConfigurationPlatforms) = postSolution
		{14EB4727-D1EE-48DC-B146-68772F38E004}.Debug|Any CPU.ActiveCfg = Debug|Any CPU
		{14EB4727-D1EE-48DC-B146-68772F38E004}.Debug|Any CPU.Build.0 = Debug|Any CPU
		{14EB4727-D1EE-48DC-B146-68772F38E004}.Release|Any CPU.ActiveCfg = Release|Any CPU
		{14EB4727-D1EE-48DC-B146-68772F38E004}.Release|Any CPU.Build.0 = Release|Any CPU
		{E2896AC1-E419-4BB4-B524-D0DE62B6A666}.Debug|Any CPU.ActiveCfg = Debug|Any CPU
		{E2896AC1-E419-4BB4-B524-D0DE62B6A666}.Debug|Any CPU.Build.0 = Debug|Any CPU
		{E2896AC1-E419-4BB4-B524-D0DE62B6A666}.Release|Any CPU.ActiveCfg = Release|Any CPU
		{E2896AC1-E419-4BB4-B524-D0DE62B6A666}.Release|Any CPU.Build.0 = Release|Any CPU
		{E2A1A44B-4DA5-41D3-9BDC-6D1353CF35E0}.Debug|Any CPU.ActiveCfg = Debug|Any CPU
		{E2A1A44B-4DA5-41D3-9BDC-6D1353CF35E0}.Debug|Any CPU.Build.0 = Debug|Any CPU
		{E2A1A44B-4DA5-41D3-9BDC-6D1353CF35E0}.Release|Any CPU.ActiveCfg = Release|Any CPU
		{E2A1A44B-4DA5-41D3-9BDC-6D1353CF35E0}.Release|Any CPU.Build.0 = Release|Any CPU
		{0196A4F2-8820-47B7-B47A-7AEF64CD44BC}.Debug|Any CPU.ActiveCfg = Debug|Any CPU
		{0196A4F2-8820-47B7-B47A-7AEF64CD44BC}.Debug|Any CPU.Build.0 = Debug|Any CPU
		{0196A4F2-8820-47B7-B47A-7AEF64CD44BC}.Release|Any CPU.ActiveCfg = Release|Any CPU
		{0196A4F2-8820-47B7-B47A-7AEF64CD44BC}.Release|Any CPU.Build.0 = Release|Any CPU
		{4FEB05D2-F093-468A-875F-7EEA0097B045}.Debug|Any CPU.ActiveCfg = Debug|Any CPU
		{4FEB05D2-F093-468A-875F-7EEA0097B045}.Debug|Any CPU.Build.0 = Debug|Any CPU
		{4FEB05D2-F093-468A-875F-7EEA0097B045}.Release|Any CPU.ActiveCfg = Release|Any CPU
		{4FEB05D2-F093-468A-875F-7EEA0097B045}.Release|Any CPU.Build.0 = Release|Any CPU
	EndGlobalSection
	GlobalSection(SolutionProperties) = preSolution
		HideSolutionNode = FALSE
	EndGlobalSection
	GlobalSection(ExtensibilityGlobals) = postSolution
		SolutionGuid = {D00ACF40-93B0-4855-A830-2AAA7392B41E}
	EndGlobalSection
EndGlobal
