
Microsoft Visual Studio Solution File, Format Version 12.00
# Visual Studio Version 16
VisualStudioVersion = 16.0.31321.278
MinimumVisualStudioVersion = 10.0.40219.1
Project("{FAE04EC0-301F-11D3-BF4B-00C04F79EFBC}") = "HWDemo", "ConsoleApp1\HWDemo.csproj", "{15A6F2C3-4C2C-467D-AFF5-225E7E43D44D}"
EndProject
Project("{FAE04EC0-301F-11D3-BF4B-00C04F79EFBC}") = "Reflection", "ConsoleApp2\Reflection.csproj", "{8BA5703E-2529-46CF-AED8-514E0683999B}"
EndProject
Project("{FAE04EC0-301F-11D3-BF4B-00C04F79EFBC}") = "DatabaseLibrary", "DatabaseLibrary\DatabaseLibrary.csproj", "{4E00A33B-6002-45DF-BA24-F1272896108E}"
EndProject
Project("{FAE04EC0-301F-11D3-BF4B-00C04F79EFBC}") = "CustomAttributes", "ConsoleApp3\CustomAttributes.csproj", "{BDDF8890-DF18-40EE-B434-B0F654BF71CB}"
EndProject
Project("{FAE04EC0-301F-11D3-BF4B-00C04F79EFBC}") = "Validation", "ConsoleApp4\Validation.csproj", "{A71C53A0-BBB8-486E-9684-B118A3F5DD4E}"
EndProject
Project("{FAE04EC0-301F-11D3-BF4B-00C04F79EFBC}") = "IndexRangeLazy", "ConsoleApp5\IndexRangeLazy.csproj", "{DD678458-2803-4605-B33A-90E979FF3A50}"
EndProject
Project("{FAE04EC0-301F-11D3-BF4B-00C04F79EFBC}") = "PLINQ", "PLINQ\PLINQ.csproj", "{562B0D84-7FB5-4E45-89B0-D6E3F23E7D6C}"
EndProject
Global
	GlobalSection(SolutionConfigurationPlatforms) = preSolution
		Debug|Any CPU = Debug|Any CPU
		Release|Any CPU = Release|Any CPU
	EndGlobalSection
	GlobalSection(ProjectConfigurationPlatforms) = postSolution
		{15A6F2C3-4C2C-467D-AFF5-225E7E43D44D}.Debug|Any CPU.ActiveCfg = Debug|Any CPU
		{15A6F2C3-4C2C-467D-AFF5-225E7E43D44D}.Debug|Any CPU.Build.0 = Debug|Any CPU
		{15A6F2C3-4C2C-467D-AFF5-225E7E43D44D}.Release|Any CPU.ActiveCfg = Release|Any CPU
		{15A6F2C3-4C2C-467D-AFF5-225E7E43D44D}.Release|Any CPU.Build.0 = Release|Any CPU
		{8BA5703E-2529-46CF-AED8-514E0683999B}.Debug|Any CPU.ActiveCfg = Debug|Any CPU
		{8BA5703E-2529-46CF-AED8-514E0683999B}.Debug|Any CPU.Build.0 = Debug|Any CPU
		{8BA5703E-2529-46CF-AED8-514E0683999B}.Release|Any CPU.ActiveCfg = Release|Any CPU
		{8BA5703E-2529-46CF-AED8-514E0683999B}.Release|Any CPU.Build.0 = Release|Any CPU
		{4E00A33B-6002-45DF-BA24-F1272896108E}.Debug|Any CPU.ActiveCfg = Debug|Any CPU
		{4E00A33B-6002-45DF-BA24-F1272896108E}.Debug|Any CPU.Build.0 = Debug|Any CPU
		{4E00A33B-6002-45DF-BA24-F1272896108E}.Release|Any CPU.ActiveCfg = Release|Any CPU
		{4E00A33B-6002-45DF-BA24-F1272896108E}.Release|Any CPU.Build.0 = Release|Any CPU
		{BDDF8890-DF18-40EE-B434-B0F654BF71CB}.Debug|Any CPU.ActiveCfg = Debug|Any CPU
		{BDDF8890-DF18-40EE-B434-B0F654BF71CB}.Debug|Any CPU.Build.0 = Debug|Any CPU
		{BDDF8890-DF18-40EE-B434-B0F654BF71CB}.Release|Any CPU.ActiveCfg = Release|Any CPU
		{BDDF8890-DF18-40EE-B434-B0F654BF71CB}.Release|Any CPU.Build.0 = Release|Any CPU
		{A71C53A0-BBB8-486E-9684-B118A3F5DD4E}.Debug|Any CPU.ActiveCfg = Debug|Any CPU
		{A71C53A0-BBB8-486E-9684-B118A3F5DD4E}.Debug|Any CPU.Build.0 = Debug|Any CPU
		{A71C53A0-BBB8-486E-9684-B118A3F5DD4E}.Release|Any CPU.ActiveCfg = Release|Any CPU
		{A71C53A0-BBB8-486E-9684-B118A3F5DD4E}.Release|Any CPU.Build.0 = Release|Any CPU
		{DD678458-2803-4605-B33A-90E979FF3A50}.Debug|Any CPU.ActiveCfg = Debug|Any CPU
		{DD678458-2803-4605-B33A-90E979FF3A50}.Debug|Any CPU.Build.0 = Debug|Any CPU
		{DD678458-2803-4605-B33A-90E979FF3A50}.Release|Any CPU.ActiveCfg = Release|Any CPU
		{DD678458-2803-4605-B33A-90E979FF3A50}.Release|Any CPU.Build.0 = Release|Any CPU
		{562B0D84-7FB5-4E45-89B0-D6E3F23E7D6C}.Debug|Any CPU.ActiveCfg = Debug|Any CPU
		{562B0D84-7FB5-4E45-89B0-D6E3F23E7D6C}.Debug|Any CPU.Build.0 = Debug|Any CPU
		{562B0D84-7FB5-4E45-89B0-D6E3F23E7D6C}.Release|Any CPU.ActiveCfg = Release|Any CPU
		{562B0D84-7FB5-4E45-89B0-D6E3F23E7D6C}.Release|Any CPU.Build.0 = Release|Any CPU
	EndGlobalSection
	GlobalSection(SolutionProperties) = preSolution
		HideSolutionNode = FALSE
	EndGlobalSection
	GlobalSection(ExtensibilityGlobals) = postSolution
		SolutionGuid = {93580AE7-406E-4C87-BECC-41F21EBE03F4}
	EndGlobalSection
EndGlobal
