
Microsoft Visual Studio Solution File, Format Version 12.00
# Visual Studio Version 16
VisualStudioVersion = 16.0.30907.101
MinimumVisualStudioVersion = 10.0.40219.1
Project("{FAE04EC0-301F-11D3-BF4B-00C04F79EFBC}") = "FilesAndDirectories", "ConsoleApp1\FilesAndDirectories.csproj", "{FAC60AA4-A319-4F9A-A6A0-557B67230149}"
EndProject
Project("{FAE04EC0-301F-11D3-BF4B-00C04F79EFBC}") = "RegularExpressions", "ConsoleApp2\RegularExpressions.csproj", "{DED04E23-F71D-4136-9AAF-5D0956970BAF}"
EndProject
Project("{FAE04EC0-301F-11D3-BF4B-00C04F79EFBC}") = "Serialization", "ConsoleApp3\Serialization.csproj", "{B545D1EA-13DE-4F61-817B-205DE0B9C5FD}"
EndProject
Global
	GlobalSection(SolutionConfigurationPlatforms) = preSolution
		Debug|Any CPU = Debug|Any CPU
		Release|Any CPU = Release|Any CPU
	EndGlobalSection
	GlobalSection(ProjectConfigurationPlatforms) = postSolution
		{FAC60AA4-A319-4F9A-A6A0-557B67230149}.Debug|Any CPU.ActiveCfg = Debug|Any CPU
		{FAC60AA4-A319-4F9A-A6A0-557B67230149}.Debug|Any CPU.Build.0 = Debug|Any CPU
		{FAC60AA4-A319-4F9A-A6A0-557B67230149}.Release|Any CPU.ActiveCfg = Release|Any CPU
		{FAC60AA4-A319-4F9A-A6A0-557B67230149}.Release|Any CPU.Build.0 = Release|Any CPU
		{DED04E23-F71D-4136-9AAF-5D0956970BAF}.Debug|Any CPU.ActiveCfg = Debug|Any CPU
		{DED04E23-F71D-4136-9AAF-5D0956970BAF}.Debug|Any CPU.Build.0 = Debug|Any CPU
		{DED04E23-F71D-4136-9AAF-5D0956970BAF}.Release|Any CPU.ActiveCfg = Release|Any CPU
		{DED04E23-F71D-4136-9AAF-5D0956970BAF}.Release|Any CPU.Build.0 = Release|Any CPU
		{B545D1EA-13DE-4F61-817B-205DE0B9C5FD}.Debug|Any CPU.ActiveCfg = Debug|Any CPU
		{B545D1EA-13DE-4F61-817B-205DE0B9C5FD}.Debug|Any CPU.Build.0 = Debug|Any CPU
		{B545D1EA-13DE-4F61-817B-205DE0B9C5FD}.Release|Any CPU.ActiveCfg = Release|Any CPU
		{B545D1EA-13DE-4F61-817B-205DE0B9C5FD}.Release|Any CPU.Build.0 = Release|Any CPU
	EndGlobalSection
	GlobalSection(SolutionProperties) = preSolution
		HideSolutionNode = FALSE
	EndGlobalSection
	GlobalSection(ExtensibilityGlobals) = postSolution
		SolutionGuid = {89192BDE-F240-4E31-A75C-E8C9FCF0D82E}
	EndGlobalSection
EndGlobal
